{
  "name": "edge-fn-local-check",
  "version": "1.0.0",
  "lockfileVersion": 3,
  "requires": true,
  "packages": {
    "": {
      "name": "edge-fn-local-check",
      "version": "1.0.0",
      "license": "ISC",
      "dependencies": {
        "imagescript": "^1.2.17"
      }
    },
    "node_modules/imagescript": {
      "version": "1.2.17",
      "resolved": "https://registry.npmjs.org/imagescript/-/imagescript-1.2.17.tgz",
      "integrity": "sha512-gUibUVTqbd2AeakephgVshjTL9zqh7k4Ea9yk9z8O9jjn11qU3vQWbMRDWGVzQl1t/cLeHYjclefjx8HblXo9Q==",
      "license": "(AGPL-3.0-or-later OR MIT)",
      "engines": {
        "node": ">=14.0.0"
      }
    }
  }
}
